
Microsoft Visual Studio Solution File, Format Version 12.00
# Visual Studio Version 16
VisualStudioVersion = 16.0.29728.190
MinimumVisualStudioVersion = 10.0.40219.1
Project("{2150E333-8FDC-42A3-9474-1A3956D46DE8}") = "Solution Items", "Solution Items", "{1ED198B6-A7F3-4B45-9BCF-F3EF89F1CCBA}"
	ProjectSection(SolutionItems) = preProject
		.gitattributes = .gitattributes
		.gitignore = .gitignore
		AppVeyor-Build.ps1 = AppVeyor-Build.ps1
		appveyor.yml = appveyor.yml
		LICENSE.md = LICENSE.md
		nuget.config = nuget.config
		README.md = README.md
		SharedAssemblyInfo.cs = SharedAssemblyInfo.cs
		UWPHelper.nuspec = UWPHelper.nuspec
		UWPHelper.targets = UWPHelper.targets
	EndProjectSection
EndProject
Project("{2150E333-8FDC-42A3-9474-1A3956D46DE8}") = "Assets", "Assets", "{5BE145D9-41D8-4029-BB13-43FA5DA62822}"
	ProjectSection(SolutionItems) = preProject
		Assets\UWPHelper Icon.png = Assets\UWPHelper Icon.png
		Assets\UWPHelper Icon.xcf = Assets\UWPHelper Icon.xcf
		Assets\UWPHelper.SampleApp Icon.png = Assets\UWPHelper.SampleApp Icon.png
	EndProjectSection
EndProject
Project("{FAE04EC0-301F-11D3-BF4B-00C04F79EFBC}") = "UWPHelper", "UWPHelper\UWPHelper.csproj", "{1483FEDE-EEAA-4713-BCCC-76C6B8798DE0}"
EndProject
Project("{FAE04EC0-301F-11D3-BF4B-00C04F79EFBC}") = "UWPHelper.SampleApp", "UWPHelper.SampleApp\UWPHelper.SampleApp.csproj", "{69070BB0-14CF-465E-850B-4E9771F4E492}"
EndProject
Global
	GlobalSection(SolutionConfigurationPlatforms) = preSolution
		Debug|ARM = Debug|ARM
		Debug|x64 = Debug|x64
		Debug|x86 = Debug|x86
		Release|ARM = Release|ARM
		Release|x64 = Release|x64
		Release|x86 = Release|x86
	EndGlobalSection
	GlobalSection(ProjectConfigurationPlatforms) = postSolution
		{1483FEDE-EEAA-4713-BCCC-76C6B8798DE0}.Debug|ARM.ActiveCfg = Debug|ARM
		{1483FEDE-EEAA-4713-BCCC-76C6B8798DE0}.Debug|ARM.Build.0 = Debug|ARM
		{1483FEDE-EEAA-4713-BCCC-76C6B8798DE0}.Debug|x64.ActiveCfg = Debug|x64
		{1483FEDE-EEAA-4713-BCCC-76C6B8798DE0}.Debug|x64.Build.0 = Debug|x64
		{1483FEDE-EEAA-4713-BCCC-76C6B8798DE0}.Debug|x86.ActiveCfg = Debug|x86
		{1483FEDE-EEAA-4713-BCCC-76C6B8798DE0}.Debug|x86.Build.0 = Debug|x86
		{1483FEDE-EEAA-4713-BCCC-76C6B8798DE0}.Release|ARM.ActiveCfg = Release|ARM
		{1483FEDE-EEAA-4713-BCCC-76C6B8798DE0}.Release|ARM.Build.0 = Release|ARM
		{1483FEDE-EEAA-4713-BCCC-76C6B8798DE0}.Release|x64.ActiveCfg = Release|x64
		{1483FEDE-EEAA-4713-BCCC-76C6B8798DE0}.Release|x64.Build.0 = Release|x64
		{1483FEDE-EEAA-4713-BCCC-76C6B8798DE0}.Release|x86.ActiveCfg = Release|x86
		{1483FEDE-EEAA-4713-BCCC-76C6B8798DE0}.Release|x86.Build.0 = Release|x86
		{69070BB0-14CF-465E-850B-4E9771F4E492}.Debug|ARM.ActiveCfg = Debug|ARM
		{69070BB0-14CF-465E-850B-4E9771F4E492}.Debug|ARM.Build.0 = Debug|ARM
		{69070BB0-14CF-465E-850B-4E9771F4E492}.Debug|ARM.Deploy.0 = Debug|ARM
		{69070BB0-14CF-465E-850B-4E9771F4E492}.Debug|x64.ActiveCfg = Debug|x64
		{69070BB0-14CF-465E-850B-4E9771F4E492}.Debug|x64.Build.0 = Debug|x64
		{69070BB0-14CF-465E-850B-4E9771F4E492}.Debug|x64.Deploy.0 = Debug|x64
		{69070BB0-14CF-465E-850B-4E9771F4E492}.Debug|x86.ActiveCfg = Debug|x86
		{69070BB0-14CF-465E-850B-4E9771F4E492}.Debug|x86.Build.0 = Debug|x86
		{69070BB0-14CF-465E-850B-4E9771F4E492}.Debug|x86.Deploy.0 = Debug|x86
		{69070BB0-14CF-465E-850B-4E9771F4E492}.Release|ARM.ActiveCfg = Release|ARM
		{69070BB0-14CF-465E-850B-4E9771F4E492}.Release|ARM.Build.0 = Release|ARM
		{69070BB0-14CF-465E-850B-4E9771F4E492}.Release|ARM.Deploy.0 = Release|ARM
		{69070BB0-14CF-465E-850B-4E9771F4E492}.Release|x64.ActiveCfg = Release|x64
		{69070BB0-14CF-465E-850B-4E9771F4E492}.Release|x64.Build.0 = Release|x64
		{69070BB0-14CF-465E-850B-4E9771F4E492}.Release|x64.Deploy.0 = Release|x64
		{69070BB0-14CF-465E-850B-4E9771F4E492}.Release|x86.ActiveCfg = Release|x86
		{69070BB0-14CF-465E-850B-4E9771F4E492}.Release|x86.Build.0 = Release|x86
		{69070BB0-14CF-465E-850B-4E9771F4E492}.Release|x86.Deploy.0 = Release|x86
	EndGlobalSection
	GlobalSection(SolutionProperties) = preSolution
		HideSolutionNode = FALSE
	EndGlobalSection
	GlobalSection(NestedProjects) = preSolution
		{5BE145D9-41D8-4029-BB13-43FA5DA62822} = {1ED198B6-A7F3-4B45-9BCF-F3EF89F1CCBA}
	EndGlobalSection
	GlobalSection(ExtensibilityGlobals) = postSolution
		SolutionGuid = {54FB8539-C75A-4009-841B-D40E6AA163A0}
	EndGlobalSection
EndGlobal
