
Microsoft Visual Studio Solution File, Format Version 12.00
# Visual Studio 15
VisualStudioVersion = 15.0.26403.3
MinimumVisualStudioVersion = 10.0.40219.1
Project("{FAE04EC0-301F-11D3-BF4B-00C04F79EFBC}") = "UWPHelper", "UWPHelper\UWPHelper.csproj", "{0D829618-309B-4E7F-8DE2-9D5D44344D25}"
EndProject
Project("{FAE04EC0-301F-11D3-BF4B-00C04F79EFBC}") = "UWPHelper.SampleApp", "UWPHelper.SampleApp\UWPHelper.SampleApp.csproj", "{DD7C3747-BD9A-4A7A-904D-E6F565BDBEF7}"
	ProjectSection(ProjectDependencies) = postProject
		{0D829618-309B-4E7F-8DE2-9D5D44344D25} = {0D829618-309B-4E7F-8DE2-9D5D44344D25}
	EndProjectSection
EndProject
Project("{2150E333-8FDC-42A3-9474-1A3956D46DE8}") = "Solution Items", "Solution Items", "{1ED198B6-A7F3-4B45-9BCF-F3EF89F1CCBA}"
	ProjectSection(SolutionItems) = preProject
		.gitattributes = .gitattributes
		.gitignore = .gitignore
		appveyor.yml = appveyor.yml
		Build.ps1 = Build.ps1
		LICENSE.md = LICENSE.md
		README.md = README.md
		SharedAssemblyInfo.cs = SharedAssemblyInfo.cs
		UWPHelper.nuspec = UWPHelper.nuspec
		UWPHelper.targets = UWPHelper.targets
	EndProjectSection
EndProject
Project("{2150E333-8FDC-42A3-9474-1A3956D46DE8}") = "Assets", "Assets", "{5BE145D9-41D8-4029-BB13-43FA5DA62822}"
	ProjectSection(SolutionItems) = preProject
		Assets\UWPHelper Icon.png = Assets\UWPHelper Icon.png
		Assets\UWPHelper Icon.xcf = Assets\UWPHelper Icon.xcf
		Assets\UWPHelper.SampleApp Icon.png = Assets\UWPHelper.SampleApp Icon.png
	EndProjectSection
EndProject
Global
	GlobalSection(SolutionConfigurationPlatforms) = preSolution
		Debug|ARM = Debug|ARM
		Debug|x64 = Debug|x64
		Debug|x86 = Debug|x86
		Release|ARM = Release|ARM
		Release|x64 = Release|x64
		Release|x86 = Release|x86
	EndGlobalSection
	GlobalSection(ProjectConfigurationPlatforms) = postSolution
		{0D829618-309B-4E7F-8DE2-9D5D44344D25}.Debug|ARM.ActiveCfg = Debug|ARM
		{0D829618-309B-4E7F-8DE2-9D5D44344D25}.Debug|ARM.Build.0 = Debug|ARM
		{0D829618-309B-4E7F-8DE2-9D5D44344D25}.Debug|x64.ActiveCfg = Debug|x64
		{0D829618-309B-4E7F-8DE2-9D5D44344D25}.Debug|x64.Build.0 = Debug|x64
		{0D829618-309B-4E7F-8DE2-9D5D44344D25}.Debug|x86.ActiveCfg = Debug|x86
		{0D829618-309B-4E7F-8DE2-9D5D44344D25}.Debug|x86.Build.0 = Debug|x86
		{0D829618-309B-4E7F-8DE2-9D5D44344D25}.Release|ARM.ActiveCfg = Release|ARM
		{0D829618-309B-4E7F-8DE2-9D5D44344D25}.Release|ARM.Build.0 = Release|ARM
		{0D829618-309B-4E7F-8DE2-9D5D44344D25}.Release|x64.ActiveCfg = Release|x64
		{0D829618-309B-4E7F-8DE2-9D5D44344D25}.Release|x64.Build.0 = Release|x64
		{0D829618-309B-4E7F-8DE2-9D5D44344D25}.Release|x86.ActiveCfg = Release|x86
		{0D829618-309B-4E7F-8DE2-9D5D44344D25}.Release|x86.Build.0 = Release|x86
		{DD7C3747-BD9A-4A7A-904D-E6F565BDBEF7}.Debug|ARM.ActiveCfg = Debug|ARM
		{DD7C3747-BD9A-4A7A-904D-E6F565BDBEF7}.Debug|ARM.Build.0 = Debug|ARM
		{DD7C3747-BD9A-4A7A-904D-E6F565BDBEF7}.Debug|ARM.Deploy.0 = Debug|ARM
		{DD7C3747-BD9A-4A7A-904D-E6F565BDBEF7}.Debug|x64.ActiveCfg = Debug|x64
		{DD7C3747-BD9A-4A7A-904D-E6F565BDBEF7}.Debug|x64.Build.0 = Debug|x64
		{DD7C3747-BD9A-4A7A-904D-E6F565BDBEF7}.Debug|x64.Deploy.0 = Debug|x64
		{DD7C3747-BD9A-4A7A-904D-E6F565BDBEF7}.Debug|x86.ActiveCfg = Debug|x86
		{DD7C3747-BD9A-4A7A-904D-E6F565BDBEF7}.Debug|x86.Build.0 = Debug|x86
		{DD7C3747-BD9A-4A7A-904D-E6F565BDBEF7}.Debug|x86.Deploy.0 = Debug|x86
		{DD7C3747-BD9A-4A7A-904D-E6F565BDBEF7}.Release|ARM.ActiveCfg = Release|ARM
		{DD7C3747-BD9A-4A7A-904D-E6F565BDBEF7}.Release|ARM.Build.0 = Release|ARM
		{DD7C3747-BD9A-4A7A-904D-E6F565BDBEF7}.Release|ARM.Deploy.0 = Release|ARM
		{DD7C3747-BD9A-4A7A-904D-E6F565BDBEF7}.Release|x64.ActiveCfg = Release|x64
		{DD7C3747-BD9A-4A7A-904D-E6F565BDBEF7}.Release|x64.Build.0 = Release|x64
		{DD7C3747-BD9A-4A7A-904D-E6F565BDBEF7}.Release|x64.Deploy.0 = Release|x64
		{DD7C3747-BD9A-4A7A-904D-E6F565BDBEF7}.Release|x86.ActiveCfg = Release|x86
		{DD7C3747-BD9A-4A7A-904D-E6F565BDBEF7}.Release|x86.Build.0 = Release|x86
		{DD7C3747-BD9A-4A7A-904D-E6F565BDBEF7}.Release|x86.Deploy.0 = Release|x86
	EndGlobalSection
	GlobalSection(SolutionProperties) = preSolution
		HideSolutionNode = FALSE
	EndGlobalSection
	GlobalSection(NestedProjects) = preSolution
		{5BE145D9-41D8-4029-BB13-43FA5DA62822} = {1ED198B6-A7F3-4B45-9BCF-F3EF89F1CCBA}
	EndGlobalSection
EndGlobal
