
Microsoft Visual Studio Solution File, Format Version 12.00
# Visual Studio 14
VisualStudioVersion = 14.0.25420.1
MinimumVisualStudioVersion = 10.0.40219.1
Project("{FAE04EC0-301F-11D3-BF4B-00C04F79EFBC}") = "UWPHelper Sample App", "UWPHelper Sample App\UWPHelper Sample App.csproj", "{FD70E801-3D10-4955-A35B-DBF3AE4D3A63}"
EndProject
Project("{D954291E-2A0B-460D-934E-DC6B0785DB48}") = "UWPHelper", "UWPHelper\UWPHelper.shproj", "{7F198FCD-241B-4AAB-9F63-F944CB179D7F}"
EndProject
Global
	GlobalSection(SharedMSBuildProjectFiles) = preSolution
		UWPHelper\UWPHelper.projitems*{7f198fcd-241b-4aab-9f63-f944cb179d7f}*SharedItemsImports = 13
		UWPHelper\UWPHelper.projitems*{fd70e801-3d10-4955-a35b-dbf3ae4d3a63}*SharedItemsImports = 4
	EndGlobalSection
	GlobalSection(SolutionConfigurationPlatforms) = preSolution
		Debug|ARM = Debug|ARM
		Debug|x64 = Debug|x64
		Debug|x86 = Debug|x86
		Release|ARM = Release|ARM
		Release|x64 = Release|x64
		Release|x86 = Release|x86
	EndGlobalSection
	GlobalSection(ProjectConfigurationPlatforms) = postSolution
		{FD70E801-3D10-4955-A35B-DBF3AE4D3A63}.Debug|ARM.ActiveCfg = Debug|ARM
		{FD70E801-3D10-4955-A35B-DBF3AE4D3A63}.Debug|ARM.Build.0 = Debug|ARM
		{FD70E801-3D10-4955-A35B-DBF3AE4D3A63}.Debug|ARM.Deploy.0 = Debug|ARM
		{FD70E801-3D10-4955-A35B-DBF3AE4D3A63}.Debug|x64.ActiveCfg = Debug|x64
		{FD70E801-3D10-4955-A35B-DBF3AE4D3A63}.Debug|x64.Build.0 = Debug|x64
		{FD70E801-3D10-4955-A35B-DBF3AE4D3A63}.Debug|x64.Deploy.0 = Debug|x64
		{FD70E801-3D10-4955-A35B-DBF3AE4D3A63}.Debug|x86.ActiveCfg = Debug|x86
		{FD70E801-3D10-4955-A35B-DBF3AE4D3A63}.Debug|x86.Build.0 = Debug|x86
		{FD70E801-3D10-4955-A35B-DBF3AE4D3A63}.Debug|x86.Deploy.0 = Debug|x86
		{FD70E801-3D10-4955-A35B-DBF3AE4D3A63}.Release|ARM.ActiveCfg = Release|ARM
		{FD70E801-3D10-4955-A35B-DBF3AE4D3A63}.Release|ARM.Build.0 = Release|ARM
		{FD70E801-3D10-4955-A35B-DBF3AE4D3A63}.Release|ARM.Deploy.0 = Release|ARM
		{FD70E801-3D10-4955-A35B-DBF3AE4D3A63}.Release|x64.ActiveCfg = Release|x64
		{FD70E801-3D10-4955-A35B-DBF3AE4D3A63}.Release|x64.Build.0 = Release|x64
		{FD70E801-3D10-4955-A35B-DBF3AE4D3A63}.Release|x64.Deploy.0 = Release|x64
		{FD70E801-3D10-4955-A35B-DBF3AE4D3A63}.Release|x86.ActiveCfg = Release|x86
		{FD70E801-3D10-4955-A35B-DBF3AE4D3A63}.Release|x86.Build.0 = Release|x86
		{FD70E801-3D10-4955-A35B-DBF3AE4D3A63}.Release|x86.Deploy.0 = Release|x86
	EndGlobalSection
	GlobalSection(SolutionProperties) = preSolution
		HideSolutionNode = FALSE
	EndGlobalSection
EndGlobal
